// !$*UTF8*$!
{
	archiveVersion = 1;
	classes = {
	};
	objectVersion = 46;
	objects = {

/* Begin PBXBuildFile section */
		5B01E80F1853FA25000ECD6C /* DPAboutViewController.m in Sources */ = {isa = PBXBuildFile; fileRef = 5B01E8081853FA25000ECD6C /* DPAboutViewController.m */; };
		5B01E8101853FA25000ECD6C /* DPLoadDetailViewController.m in Sources */ = {isa = PBXBuildFile; fileRef = 5B01E80A1853FA25000ECD6C /* DPLoadDetailViewController.m */; };
		5B01E8111853FA25000ECD6C /* DPMainMenuViewController.m in Sources */ = {isa = PBXBuildFile; fileRef = 5B01E80C1853FA25000ECD6C /* DPMainMenuViewController.m */; };
		5B01E8121853FA25000ECD6C /* DPLoadMasterViewController.m in Sources */ = {isa = PBXBuildFile; fileRef = 5B01E80E1853FA25000ECD6C /* DPLoadMasterViewController.m */; };
		5B1C89BD18546B8700DB5CF1 /* DPSettingsSplitViewController.m in Sources */ = {isa = PBXBuildFile; fileRef = 5B1C89BC18546B8700DB5CF1 /* DPSettingsSplitViewController.m */; };
		5B1C89C018546D5C00DB5CF1 /* DPSettingsMasterViewController.m in Sources */ = {isa = PBXBuildFile; fileRef = 5B1C89BF18546D5C00DB5CF1 /* DPSettingsMasterViewController.m */; };
		5B1C89C31854D0A200DB5CF1 /* DPLoadSplitViewController.m in Sources */ = {isa = PBXBuildFile; fileRef = 5B1C89C21854D0A200DB5CF1 /* DPLoadSplitViewController.m */; };
		5B1C89C61854D1EF00DB5CF1 /* DPSettingsDetailViewController.m in Sources */ = {isa = PBXBuildFile; fileRef = 5B1C89C51854D1EF00DB5CF1 /* DPSettingsDetailViewController.m */; };
		5B1C89C91854E36300DB5CF1 /* NSLayoutConstraint+Setter.m in Sources */ = {isa = PBXBuildFile; fileRef = 5B1C89C81854E36300DB5CF1 /* NSLayoutConstraint+Setter.m */; settings = {COMPILER_FLAGS = "-fno-objc-arc"; }; };
		5B1C89CA1854E6E900DB5CF1 /* NSLayoutConstraint+Setter.m in Sources */ = {isa = PBXBuildFile; fileRef = 5B1C89C81854E36300DB5CF1 /* NSLayoutConstraint+Setter.m */; settings = {COMPILER_FLAGS = "-fno-objc-arc"; }; };
		5B429B781870D27300307729 /* DPEditViewController.m in Sources */ = {isa = PBXBuildFile; fileRef = 5B429B771870D27300307729 /* DPEditViewController.m */; };
		5B429B7C1870D3B000307729 /* DPDrawObjectsScrollView.m in Sources */ = {isa = PBXBuildFile; fileRef = 5B429B7B1870D3B000307729 /* DPDrawObjectsScrollView.m */; };
		5B683366185389DC00CAD141 /* Graph.m in Sources */ = {isa = PBXBuildFile; fileRef = 5B683365185389DC00CAD141 /* Graph.m */; };
		5B68336D18539C2600CAD141 /* DPGradientButton.m in Sources */ = {isa = PBXBuildFile; fileRef = 5B68336C18539C2600CAD141 /* DPGradientButton.m */; };
		5B68337118539DE400CAD141 /* UIColor+ApplicationColorScheme.m in Sources */ = {isa = PBXBuildFile; fileRef = 5B68337018539DE400CAD141 /* UIColor+ApplicationColorScheme.m */; };
		5BD15B82184BE96A007F25BD /* Foundation.framework in Frameworks */ = {isa = PBXBuildFile; fileRef = 5BD15B81184BE96A007F25BD /* Foundation.framework */; };
		5BD15B84184BE96A007F25BD /* CoreGraphics.framework in Frameworks */ = {isa = PBXBuildFile; fileRef = 5BD15B83184BE96A007F25BD /* CoreGraphics.framework */; };
		5BD15B86184BE96A007F25BD /* UIKit.framework in Frameworks */ = {isa = PBXBuildFile; fileRef = 5BD15B85184BE96A007F25BD /* UIKit.framework */; };
		5BD15B88184BE96A007F25BD /* CoreData.framework in Frameworks */ = {isa = PBXBuildFile; fileRef = 5BD15B87184BE96A007F25BD /* CoreData.framework */; };
		5BD15B8E184BE96B007F25BD /* InfoPlist.strings in Resources */ = {isa = PBXBuildFile; fileRef = 5BD15B8C184BE96B007F25BD /* InfoPlist.strings */; };
		5BD15B90184BE96B007F25BD /* main.m in Sources */ = {isa = PBXBuildFile; fileRef = 5BD15B8F184BE96B007F25BD /* main.m */; };
		5BD15B94184BE96B007F25BD /* DPAppDelegate.m in Sources */ = {isa = PBXBuildFile; fileRef = 5BD15B93184BE96B007F25BD /* DPAppDelegate.m */; };
		5BD15B97184BE96B007F25BD /* Main.storyboard in Resources */ = {isa = PBXBuildFile; fileRef = 5BD15B95184BE96B007F25BD /* Main.storyboard */; };
		5BD15BA2184BE96B007F25BD /* Images.xcassets in Resources */ = {isa = PBXBuildFile; fileRef = 5BD15BA1184BE96B007F25BD /* Images.xcassets */; };
		5BD15BA9184BE96B007F25BD /* XCTest.framework in Frameworks */ = {isa = PBXBuildFile; fileRef = 5BD15BA8184BE96B007F25BD /* XCTest.framework */; };
		5BD15BAA184BE96B007F25BD /* Foundation.framework in Frameworks */ = {isa = PBXBuildFile; fileRef = 5BD15B81184BE96A007F25BD /* Foundation.framework */; };
		5BD15BAB184BE96B007F25BD /* UIKit.framework in Frameworks */ = {isa = PBXBuildFile; fileRef = 5BD15B85184BE96A007F25BD /* UIKit.framework */; };
		5BD15BAC184BE96B007F25BD /* CoreData.framework in Frameworks */ = {isa = PBXBuildFile; fileRef = 5BD15B87184BE96A007F25BD /* CoreData.framework */; };
		5BD15BB4184BE96B007F25BD /* InfoPlist.strings in Resources */ = {isa = PBXBuildFile; fileRef = 5BD15BB2184BE96B007F25BD /* InfoPlist.strings */; };
		5BD15BDE184BF370007F25BD /* NMSSH.framework in Frameworks */ = {isa = PBXBuildFile; fileRef = 5BD15BDD184BF370007F25BD /* NMSSH.framework */; };
		5BD15BE0184BF3A4007F25BD /* libz.dylib in Frameworks */ = {isa = PBXBuildFile; fileRef = 5BD15BDF184BF3A4007F25BD /* libz.dylib */; };
		5BD15BE518533018007F25BD /* DPSE_GUI2.xcdatamodeld in Sources */ = {isa = PBXBuildFile; fileRef = 5BD15BE318533018007F25BD /* DPSE_GUI2.xcdatamodeld */; };
		5BD15BE91853313E007F25BD /* DPSSHConnection.m in Sources */ = {isa = PBXBuildFile; fileRef = 5BD15BE81853313E007F25BD /* DPSSHConnection.m */; };
		5BD15BEA1853407E007F25BD /* DPSSHConnection.m in Sources */ = {isa = PBXBuildFile; fileRef = 5BD15BE81853313E007F25BD /* DPSSHConnection.m */; };
		5BD15BEB185340C4007F25BD /* NMSSH.framework in Frameworks */ = {isa = PBXBuildFile; fileRef = 5BD15BDD184BF370007F25BD /* NMSSH.framework */; };
		5BD15BEC185340D3007F25BD /* libz.dylib in Frameworks */ = {isa = PBXBuildFile; fileRef = 5BD15BDF184BF3A4007F25BD /* libz.dylib */; };
		5BD15BEE18534107007F25BD /* DPConnectionTest.m in Sources */ = {isa = PBXBuildFile; fileRef = 5BD15BED18534107007F25BD /* DPConnectionTest.m */; };
		5BD15BF11853785F007F25BD /* DPAppDelegate.m in Sources */ = {isa = PBXBuildFile; fileRef = 5BD15B93184BE96B007F25BD /* DPAppDelegate.m */; };
		5BD15BF418537BC1007F25BD /* Reachability.m in Sources */ = {isa = PBXBuildFile; fileRef = 5BD15BF318537BC1007F25BD /* Reachability.m */; settings = {COMPILER_FLAGS = "-fno-objc-arc"; }; };
		5BD15BF518537BC1007F25BD /* Reachability.m in Sources */ = {isa = PBXBuildFile; fileRef = 5BD15BF318537BC1007F25BD /* Reachability.m */; settings = {COMPILER_FLAGS = "-fno-objc-arc"; }; };
		5BE5F3991853C3600007A4A8 /* Event.m in Sources */ = {isa = PBXBuildFile; fileRef = 5BE5F3981853C3600007A4A8 /* Event.m */; };
		5BE5F39C1853C3610007A4A8 /* Simulation.m in Sources */ = {isa = PBXBuildFile; fileRef = 5BE5F39B1853C3610007A4A8 /* Simulation.m */; };
		5BE5F3A01853C50D0007A4A8 /* DPPresentSegue.m in Sources */ = {isa = PBXBuildFile; fileRef = 5BE5F39F1853C50D0007A4A8 /* DPPresentSegue.m */; };
		5BE5F3A31853CE870007A4A8 /* DPDismissSegue.m in Sources */ = {isa = PBXBuildFile; fileRef = 5BE5F3A21853CE870007A4A8 /* DPDismissSegue.m */; };
/* End PBXBuildFile section */

/* Begin PBXContainerItemProxy section */
		5BD15BAD184BE96B007F25BD /* PBXContainerItemProxy */ = {
			isa = PBXContainerItemProxy;
			containerPortal = 5BD15B76184BE96A007F25BD /* Project object */;
			proxyType = 1;
			remoteGlobalIDString = 5BD15B7D184BE96A007F25BD;
			remoteInfo = DPSE_GUI2;
		};
/* End PBXContainerItemProxy section */

/* Begin PBXFileReference section */
		5B01E8071853FA25000ECD6C /* DPAboutViewController.h */ = {isa = PBXFileReference; fileEncoding = 4; lastKnownFileType = sourcecode.c.h; path = DPAboutViewController.h; sourceTree = "<group>"; };
		5B01E8081853FA25000ECD6C /* DPAboutViewController.m */ = {isa = PBXFileReference; fileEncoding = 4; lastKnownFileType = sourcecode.c.objc; path = DPAboutViewController.m; sourceTree = "<group>"; };
		5B01E8091853FA25000ECD6C /* DPLoadDetailViewController.h */ = {isa = PBXFileReference; fileEncoding = 4; lastKnownFileType = sourcecode.c.h; path = DPLoadDetailViewController.h; sourceTree = "<group>"; };
		5B01E80A1853FA25000ECD6C /* DPLoadDetailViewController.m */ = {isa = PBXFileReference; fileEncoding = 4; lastKnownFileType = sourcecode.c.objc; path = DPLoadDetailViewController.m; sourceTree = "<group>"; };
		5B01E80B1853FA25000ECD6C /* DPMainMenuViewController.h */ = {isa = PBXFileReference; fileEncoding = 4; lastKnownFileType = sourcecode.c.h; path = DPMainMenuViewController.h; sourceTree = "<group>"; };
		5B01E80C1853FA25000ECD6C /* DPMainMenuViewController.m */ = {isa = PBXFileReference; fileEncoding = 4; lastKnownFileType = sourcecode.c.objc; path = DPMainMenuViewController.m; sourceTree = "<group>"; };
		5B01E80D1853FA25000ECD6C /* DPLoadMasterViewController.h */ = {isa = PBXFileReference; fileEncoding = 4; lastKnownFileType = sourcecode.c.h; path = DPLoadMasterViewController.h; sourceTree = "<group>"; };
		5B01E80E1853FA25000ECD6C /* DPLoadMasterViewController.m */ = {isa = PBXFileReference; fileEncoding = 4; lastKnownFileType = sourcecode.c.objc; path = DPLoadMasterViewController.m; sourceTree = "<group>"; };
		5B1C89BB18546B8700DB5CF1 /* DPSettingsSplitViewController.h */ = {isa = PBXFileReference; fileEncoding = 4; lastKnownFileType = sourcecode.c.h; path = DPSettingsSplitViewController.h; sourceTree = "<group>"; };
		5B1C89BC18546B8700DB5CF1 /* DPSettingsSplitViewController.m */ = {isa = PBXFileReference; fileEncoding = 4; lastKnownFileType = sourcecode.c.objc; path = DPSettingsSplitViewController.m; sourceTree = "<group>"; };
		5B1C89BE18546D5C00DB5CF1 /* DPSettingsMasterViewController.h */ = {isa = PBXFileReference; fileEncoding = 4; lastKnownFileType = sourcecode.c.h; path = DPSettingsMasterViewController.h; sourceTree = "<group>"; };
		5B1C89BF18546D5C00DB5CF1 /* DPSettingsMasterViewController.m */ = {isa = PBXFileReference; fileEncoding = 4; lastKnownFileType = sourcecode.c.objc; path = DPSettingsMasterViewController.m; sourceTree = "<group>"; };
		5B1C89C11854D0A200DB5CF1 /* DPLoadSplitViewController.h */ = {isa = PBXFileReference; fileEncoding = 4; lastKnownFileType = sourcecode.c.h; path = DPLoadSplitViewController.h; sourceTree = "<group>"; };
		5B1C89C21854D0A200DB5CF1 /* DPLoadSplitViewController.m */ = {isa = PBXFileReference; fileEncoding = 4; lastKnownFileType = sourcecode.c.objc; path = DPLoadSplitViewController.m; sourceTree = "<group>"; };
		5B1C89C41854D1EF00DB5CF1 /* DPSettingsDetailViewController.h */ = {isa = PBXFileReference; fileEncoding = 4; lastKnownFileType = sourcecode.c.h; path = DPSettingsDetailViewController.h; sourceTree = "<group>"; };
		5B1C89C51854D1EF00DB5CF1 /* DPSettingsDetailViewController.m */ = {isa = PBXFileReference; fileEncoding = 4; lastKnownFileType = sourcecode.c.objc; path = DPSettingsDetailViewController.m; sourceTree = "<group>"; };
		5B1C89C71854E36300DB5CF1 /* NSLayoutConstraint+Setter.h */ = {isa = PBXFileReference; fileEncoding = 4; lastKnownFileType = sourcecode.c.h; path = "NSLayoutConstraint+Setter.h"; sourceTree = "<group>"; };
		5B1C89C81854E36300DB5CF1 /* NSLayoutConstraint+Setter.m */ = {isa = PBXFileReference; fileEncoding = 4; lastKnownFileType = sourcecode.c.objc; path = "NSLayoutConstraint+Setter.m"; sourceTree = "<group>"; };
		5B429B761870D27300307729 /* DPEditViewController.h */ = {isa = PBXFileReference; fileEncoding = 4; lastKnownFileType = sourcecode.c.h; path = DPEditViewController.h; sourceTree = "<group>"; };
		5B429B771870D27300307729 /* DPEditViewController.m */ = {isa = PBXFileReference; fileEncoding = 4; lastKnownFileType = sourcecode.c.objc; path = DPEditViewController.m; sourceTree = "<group>"; };
		5B429B7A1870D3B000307729 /* DPDrawObjectsScrollView.h */ = {isa = PBXFileReference; fileEncoding = 4; lastKnownFileType = sourcecode.c.h; path = DPDrawObjectsScrollView.h; sourceTree = "<group>"; };
		5B429B7B1870D3B000307729 /* DPDrawObjectsScrollView.m */ = {isa = PBXFileReference; fileEncoding = 4; lastKnownFileType = sourcecode.c.objc; path = DPDrawObjectsScrollView.m; sourceTree = "<group>"; };
		5B683364185389DC00CAD141 /* Graph.h */ = {isa = PBXFileReference; fileEncoding = 4; lastKnownFileType = sourcecode.c.h; path = Graph.h; sourceTree = "<group>"; };
		5B683365185389DC00CAD141 /* Graph.m */ = {isa = PBXFileReference; fileEncoding = 4; lastKnownFileType = sourcecode.c.objc; path = Graph.m; sourceTree = "<group>"; };
		5B68336B18539C2600CAD141 /* DPGradientButton.h */ = {isa = PBXFileReference; fileEncoding = 4; lastKnownFileType = sourcecode.c.h; path = DPGradientButton.h; sourceTree = "<group>"; };
		5B68336C18539C2600CAD141 /* DPGradientButton.m */ = {isa = PBXFileReference; fileEncoding = 4; lastKnownFileType = sourcecode.c.objc; path = DPGradientButton.m; sourceTree = "<group>"; };
		5B68336F18539DE400CAD141 /* UIColor+ApplicationColorScheme.h */ = {isa = PBXFileReference; fileEncoding = 4; lastKnownFileType = sourcecode.c.h; path = "UIColor+ApplicationColorScheme.h"; sourceTree = "<group>"; };
		5B68337018539DE400CAD141 /* UIColor+ApplicationColorScheme.m */ = {isa = PBXFileReference; fileEncoding = 4; lastKnownFileType = sourcecode.c.objc; path = "UIColor+ApplicationColorScheme.m"; sourceTree = "<group>"; };
		5BD15B7E184BE96A007F25BD /* DPSE_GUI2.app */ = {isa = PBXFileReference; explicitFileType = wrapper.application; includeInIndex = 0; path = DPSE_GUI2.app; sourceTree = BUILT_PRODUCTS_DIR; };
		5BD15B81184BE96A007F25BD /* Foundation.framework */ = {isa = PBXFileReference; lastKnownFileType = wrapper.framework; name = Foundation.framework; path = System/Library/Frameworks/Foundation.framework; sourceTree = SDKROOT; };
		5BD15B83184BE96A007F25BD /* CoreGraphics.framework */ = {isa = PBXFileReference; lastKnownFileType = wrapper.framework; name = CoreGraphics.framework; path = System/Library/Frameworks/CoreGraphics.framework; sourceTree = SDKROOT; };
		5BD15B85184BE96A007F25BD /* UIKit.framework */ = {isa = PBXFileReference; lastKnownFileType = wrapper.framework; name = UIKit.framework; path = System/Library/Frameworks/UIKit.framework; sourceTree = SDKROOT; };
		5BD15B87184BE96A007F25BD /* CoreData.framework */ = {isa = PBXFileReference; lastKnownFileType = wrapper.framework; name = CoreData.framework; path = System/Library/Frameworks/CoreData.framework; sourceTree = SDKROOT; };
		5BD15B8B184BE96B007F25BD /* DPSE_GUI2-Info.plist */ = {isa = PBXFileReference; lastKnownFileType = text.plist.xml; path = "DPSE_GUI2-Info.plist"; sourceTree = "<group>"; };
		5BD15B8D184BE96B007F25BD /* en */ = {isa = PBXFileReference; lastKnownFileType = text.plist.strings; name = en; path = en.lproj/InfoPlist.strings; sourceTree = "<group>"; };
		5BD15B8F184BE96B007F25BD /* main.m */ = {isa = PBXFileReference; lastKnownFileType = sourcecode.c.objc; path = main.m; sourceTree = "<group>"; };
		5BD15B91184BE96B007F25BD /* DPSE_GUI2-Prefix.pch */ = {isa = PBXFileReference; lastKnownFileType = sourcecode.c.h; path = "DPSE_GUI2-Prefix.pch"; sourceTree = "<group>"; };
		5BD15B92184BE96B007F25BD /* DPAppDelegate.h */ = {isa = PBXFileReference; lastKnownFileType = sourcecode.c.h; path = DPAppDelegate.h; sourceTree = "<group>"; };
		5BD15B93184BE96B007F25BD /* DPAppDelegate.m */ = {isa = PBXFileReference; lastKnownFileType = sourcecode.c.objc; path = DPAppDelegate.m; sourceTree = "<group>"; };
		5BD15B96184BE96B007F25BD /* Base */ = {isa = PBXFileReference; lastKnownFileType = file.storyboard; name = Base; path = Base.lproj/Main.storyboard; sourceTree = "<group>"; };
		5BD15BA1184BE96B007F25BD /* Images.xcassets */ = {isa = PBXFileReference; lastKnownFileType = folder.assetcatalog; path = Images.xcassets; sourceTree = "<group>"; };
		5BD15BA7184BE96B007F25BD /* DPSE_GUI2Tests.xctest */ = {isa = PBXFileReference; explicitFileType = wrapper.cfbundle; includeInIndex = 0; path = DPSE_GUI2Tests.xctest; sourceTree = BUILT_PRODUCTS_DIR; };
		5BD15BA8184BE96B007F25BD /* XCTest.framework */ = {isa = PBXFileReference; lastKnownFileType = wrapper.framework; name = XCTest.framework; path = Library/Frameworks/XCTest.framework; sourceTree = DEVELOPER_DIR; };
		5BD15BB1184BE96B007F25BD /* DPSE_GUI2Tests-Info.plist */ = {isa = PBXFileReference; lastKnownFileType = text.plist.xml; path = "DPSE_GUI2Tests-Info.plist"; sourceTree = "<group>"; };
		5BD15BB3184BE96B007F25BD /* en */ = {isa = PBXFileReference; lastKnownFileType = text.plist.strings; name = en; path = en.lproj/InfoPlist.strings; sourceTree = "<group>"; };
		5BD15BDD184BF370007F25BD /* NMSSH.framework */ = {isa = PBXFileReference; lastKnownFileType = wrapper.framework; path = NMSSH.framework; sourceTree = "<group>"; };
		5BD15BDF184BF3A4007F25BD /* libz.dylib */ = {isa = PBXFileReference; lastKnownFileType = "compiled.mach-o.dylib"; name = libz.dylib; path = usr/lib/libz.dylib; sourceTree = SDKROOT; };
		5BD15BE418533018007F25BD /* DPSE_GUI2.xcdatamodel */ = {isa = PBXFileReference; lastKnownFileType = wrapper.xcdatamodel; path = DPSE_GUI2.xcdatamodel; sourceTree = "<group>"; };
		5BD15BE71853313E007F25BD /* DPSSHConnection.h */ = {isa = PBXFileReference; fileEncoding = 4; lastKnownFileType = sourcecode.c.h; path = DPSSHConnection.h; sourceTree = "<group>"; };
		5BD15BE81853313E007F25BD /* DPSSHConnection.m */ = {isa = PBXFileReference; fileEncoding = 4; lastKnownFileType = sourcecode.c.objc; path = DPSSHConnection.m; sourceTree = "<group>"; };
		5BD15BED18534107007F25BD /* DPConnectionTest.m */ = {isa = PBXFileReference; fileEncoding = 4; lastKnownFileType = sourcecode.c.objc; path = DPConnectionTest.m; sourceTree = "<group>"; };
		5BD15BF218537BC1007F25BD /* Reachability.h */ = {isa = PBXFileReference; fileEncoding = 4; lastKnownFileType = sourcecode.c.h; path = Reachability.h; sourceTree = "<group>"; };
		5BD15BF318537BC1007F25BD /* Reachability.m */ = {isa = PBXFileReference; fileEncoding = 4; lastKnownFileType = sourcecode.c.objc; path = Reachability.m; sourceTree = "<group>"; };
		5BE5F3971853C3600007A4A8 /* Event.h */ = {isa = PBXFileReference; fileEncoding = 4; lastKnownFileType = sourcecode.c.h; path = Event.h; sourceTree = "<group>"; };
		5BE5F3981853C3600007A4A8 /* Event.m */ = {isa = PBXFileReference; fileEncoding = 4; lastKnownFileType = sourcecode.c.objc; path = Event.m; sourceTree = "<group>"; };
		5BE5F39A1853C3610007A4A8 /* Simulation.h */ = {isa = PBXFileReference; fileEncoding = 4; lastKnownFileType = sourcecode.c.h; path = Simulation.h; sourceTree = "<group>"; };
		5BE5F39B1853C3610007A4A8 /* Simulation.m */ = {isa = PBXFileReference; fileEncoding = 4; lastKnownFileType = sourcecode.c.objc; path = Simulation.m; sourceTree = "<group>"; };
		5BE5F39E1853C50D0007A4A8 /* DPPresentSegue.h */ = {isa = PBXFileReference; fileEncoding = 4; lastKnownFileType = sourcecode.c.h; path = DPPresentSegue.h; sourceTree = "<group>"; };
		5BE5F39F1853C50D0007A4A8 /* DPPresentSegue.m */ = {isa = PBXFileReference; fileEncoding = 4; lastKnownFileType = sourcecode.c.objc; path = DPPresentSegue.m; sourceTree = "<group>"; };
		5BE5F3A11853CE870007A4A8 /* DPDismissSegue.h */ = {isa = PBXFileReference; fileEncoding = 4; lastKnownFileType = sourcecode.c.h; path = DPDismissSegue.h; sourceTree = "<group>"; };
		5BE5F3A21853CE870007A4A8 /* DPDismissSegue.m */ = {isa = PBXFileReference; fileEncoding = 4; lastKnownFileType = sourcecode.c.objc; path = DPDismissSegue.m; sourceTree = "<group>"; };
/* End PBXFileReference section */

/* Begin PBXFrameworksBuildPhase section */
		5BD15B7B184BE96A007F25BD /* Frameworks */ = {
			isa = PBXFrameworksBuildPhase;
			buildActionMask = 2147483647;
			files = (
				5BD15BE0184BF3A4007F25BD /* libz.dylib in Frameworks */,
				5BD15B84184BE96A007F25BD /* CoreGraphics.framework in Frameworks */,
				5BD15B88184BE96A007F25BD /* CoreData.framework in Frameworks */,
				5BD15B86184BE96A007F25BD /* UIKit.framework in Frameworks */,
				5BD15B82184BE96A007F25BD /* Foundation.framework in Frameworks */,
				5BD15BDE184BF370007F25BD /* NMSSH.framework in Frameworks */,
			);
			runOnlyForDeploymentPostprocessing = 0;
		};
		5BD15BA4184BE96B007F25BD /* Frameworks */ = {
			isa = PBXFrameworksBuildPhase;
			buildActionMask = 2147483647;
			files = (
				5BD15BA9184BE96B007F25BD /* XCTest.framework in Frameworks */,
				5BD15BAC184BE96B007F25BD /* CoreData.framework in Frameworks */,
				5BD15BAB184BE96B007F25BD /* UIKit.framework in Frameworks */,
				5BD15BAA184BE96B007F25BD /* Foundation.framework in Frameworks */,
				5BD15BEB185340C4007F25BD /* NMSSH.framework in Frameworks */,
				5BD15BEC185340D3007F25BD /* libz.dylib in Frameworks */,
			);
			runOnlyForDeploymentPostprocessing = 0;
		};
/* End PBXFrameworksBuildPhase section */

/* Begin PBXGroup section */
		5B01E8061853FA25000ECD6C /* ViewContoller */ = {
			isa = PBXGroup;
			children = (
				5B01E8071853FA25000ECD6C /* DPAboutViewController.h */,
				5B01E8081853FA25000ECD6C /* DPAboutViewController.m */,
				5B01E80B1853FA25000ECD6C /* DPMainMenuViewController.h */,
				5B01E80C1853FA25000ECD6C /* DPMainMenuViewController.m */,
				5B01E8091853FA25000ECD6C /* DPLoadDetailViewController.h */,
				5B01E80A1853FA25000ECD6C /* DPLoadDetailViewController.m */,
				5B01E80D1853FA25000ECD6C /* DPLoadMasterViewController.h */,
				5B01E80E1853FA25000ECD6C /* DPLoadMasterViewController.m */,
				5B1C89C11854D0A200DB5CF1 /* DPLoadSplitViewController.h */,
				5B1C89C21854D0A200DB5CF1 /* DPLoadSplitViewController.m */,
				5B1C89BB18546B8700DB5CF1 /* DPSettingsSplitViewController.h */,
				5B1C89BC18546B8700DB5CF1 /* DPSettingsSplitViewController.m */,
				5B1C89BE18546D5C00DB5CF1 /* DPSettingsMasterViewController.h */,
				5B1C89BF18546D5C00DB5CF1 /* DPSettingsMasterViewController.m */,
				5B1C89C41854D1EF00DB5CF1 /* DPSettingsDetailViewController.h */,
				5B1C89C51854D1EF00DB5CF1 /* DPSettingsDetailViewController.m */,
				5B429B761870D27300307729 /* DPEditViewController.h */,
				5B429B771870D27300307729 /* DPEditViewController.m */,
			);
			path = ViewContoller;
			sourceTree = "<group>";
		};
		5B429B791870D2D800307729 /* Graph */ = {
			isa = PBXGroup;
			children = (
			);
			path = Graph;
			sourceTree = "<group>";
		};
		5B68336A18539BF300CAD141 /* View */ = {
			isa = PBXGroup;
			children = (
				5B68336B18539C2600CAD141 /* DPGradientButton.h */,
				5B68336C18539C2600CAD141 /* DPGradientButton.m */,
				5B429B7A1870D3B000307729 /* DPDrawObjectsScrollView.h */,
				5B429B7B1870D3B000307729 /* DPDrawObjectsScrollView.m */,
			);
			path = View;
			sourceTree = "<group>";
		};
		5B68336E18539DB100CAD141 /* Category */ = {
			isa = PBXGroup;
			children = (
				5B68336F18539DE400CAD141 /* UIColor+ApplicationColorScheme.h */,
				5B68337018539DE400CAD141 /* UIColor+ApplicationColorScheme.m */,
				5B1C89C71854E36300DB5CF1 /* NSLayoutConstraint+Setter.h */,
				5B1C89C81854E36300DB5CF1 /* NSLayoutConstraint+Setter.m */,
			);
			path = Category;
			sourceTree = "<group>";
		};
		5BD15B75184BE96A007F25BD = {
			isa = PBXGroup;
			children = (
				5BD15B89184BE96B007F25BD /* DPSE_GUI2 */,
				5BD15BAF184BE96B007F25BD /* DPSE_GUI2Tests */,
				5BD15B80184BE96A007F25BD /* Frameworks */,
				5BD15B7F184BE96A007F25BD /* Products */,
			);
			sourceTree = "<group>";
		};
		5BD15B7F184BE96A007F25BD /* Products */ = {
			isa = PBXGroup;
			children = (
				5BD15B7E184BE96A007F25BD /* DPSE_GUI2.app */,
				5BD15BA7184BE96B007F25BD /* DPSE_GUI2Tests.xctest */,
			);
			name = Products;
			sourceTree = "<group>";
		};
		5BD15B80184BE96A007F25BD /* Frameworks */ = {
			isa = PBXGroup;
			children = (
				5BD15BDF184BF3A4007F25BD /* libz.dylib */,
				5BD15BDD184BF370007F25BD /* NMSSH.framework */,
				5BD15B81184BE96A007F25BD /* Foundation.framework */,
				5BD15B83184BE96A007F25BD /* CoreGraphics.framework */,
				5BD15B85184BE96A007F25BD /* UIKit.framework */,
				5BD15B87184BE96A007F25BD /* CoreData.framework */,
				5BD15BA8184BE96B007F25BD /* XCTest.framework */,
			);
			name = Frameworks;
			sourceTree = "<group>";
		};
		5BD15B89184BE96B007F25BD /* DPSE_GUI2 */ = {
			isa = PBXGroup;
			children = (
				5B68336E18539DB100CAD141 /* Category */,
				5BD15BE118532F8C007F25BD /* Model */,
				5BE5F39D1853C4E50007A4A8 /* Segue */,
				5B68336A18539BF300CAD141 /* View */,
				5B01E8061853FA25000ECD6C /* ViewContoller */,
				5BD15B92184BE96B007F25BD /* DPAppDelegate.h */,
				5BD15B93184BE96B007F25BD /* DPAppDelegate.m */,
				5BD15B95184BE96B007F25BD /* Main.storyboard */,
				5BD15BA1184BE96B007F25BD /* Images.xcassets */,
				5BD15B8A184BE96B007F25BD /* Supporting Files */,
			);
			path = DPSE_GUI2;
			sourceTree = "<group>";
		};
		5BD15B8A184BE96B007F25BD /* Supporting Files */ = {
			isa = PBXGroup;
			children = (
				5BD15B8B184BE96B007F25BD /* DPSE_GUI2-Info.plist */,
				5BD15B8C184BE96B007F25BD /* InfoPlist.strings */,
				5BD15B8F184BE96B007F25BD /* main.m */,
				5BD15B91184BE96B007F25BD /* DPSE_GUI2-Prefix.pch */,
			);
			name = "Supporting Files";
			sourceTree = "<group>";
		};
		5BD15BAF184BE96B007F25BD /* DPSE_GUI2Tests */ = {
			isa = PBXGroup;
			children = (
				5BD15BED18534107007F25BD /* DPConnectionTest.m */,
				5BD15BB0184BE96B007F25BD /* Supporting Files */,
			);
			path = DPSE_GUI2Tests;
			sourceTree = "<group>";
		};
		5BD15BB0184BE96B007F25BD /* Supporting Files */ = {
			isa = PBXGroup;
			children = (
				5BD15BB1184BE96B007F25BD /* DPSE_GUI2Tests-Info.plist */,
				5BD15BB2184BE96B007F25BD /* InfoPlist.strings */,
			);
			name = "Supporting Files";
			sourceTree = "<group>";
		};
		5BD15BE118532F8C007F25BD /* Model */ = {
			isa = PBXGroup;
			children = (
				5B429B791870D2D800307729 /* Graph */,
				5BD15BE6185330FD007F25BD /* Network */,
				5BD15BE218533018007F25BD /* CoreData */,
			);
			path = Model;
			sourceTree = "<group>";
		};
		5BD15BE218533018007F25BD /* CoreData */ = {
			isa = PBXGroup;
			children = (
				5BD15BE318533018007F25BD /* DPSE_GUI2.xcdatamodeld */,
				5BE5F39A1853C3610007A4A8 /* Simulation.h */,
				5BE5F39B1853C3610007A4A8 /* Simulation.m */,
				5BE5F3971853C3600007A4A8 /* Event.h */,
				5BE5F3981853C3600007A4A8 /* Event.m */,
				5B683364185389DC00CAD141 /* Graph.h */,
				5B683365185389DC00CAD141 /* Graph.m */,
			);
			path = CoreData;
			sourceTree = "<group>";
		};
		5BD15BE6185330FD007F25BD /* Network */ = {
			isa = PBXGroup;
			children = (
				5BD15BF218537BC1007F25BD /* Reachability.h */,
				5BD15BF318537BC1007F25BD /* Reachability.m */,
				5BD15BE71853313E007F25BD /* DPSSHConnection.h */,
				5BD15BE81853313E007F25BD /* DPSSHConnection.m */,
			);
			path = Network;
			sourceTree = "<group>";
		};
		5BE5F39D1853C4E50007A4A8 /* Segue */ = {
			isa = PBXGroup;
			children = (
				5BE5F39E1853C50D0007A4A8 /* DPPresentSegue.h */,
				5BE5F39F1853C50D0007A4A8 /* DPPresentSegue.m */,
				5BE5F3A11853CE870007A4A8 /* DPDismissSegue.h */,
				5BE5F3A21853CE870007A4A8 /* DPDismissSegue.m */,
			);
			path = Segue;
			sourceTree = "<group>";
		};
/* End PBXGroup section */

/* Begin PBXNativeTarget section */
		5BD15B7D184BE96A007F25BD /* DPSE_GUI2 */ = {
			isa = PBXNativeTarget;
			buildConfigurationList = 5BD15BB9184BE96B007F25BD /* Build configuration list for PBXNativeTarget "DPSE_GUI2" */;
			buildPhases = (
				5BD15B7A184BE96A007F25BD /* Sources */,
				5BD15B7B184BE96A007F25BD /* Frameworks */,
				5BD15B7C184BE96A007F25BD /* Resources */,
			);
			buildRules = (
			);
			dependencies = (
			);
			name = DPSE_GUI2;
			productName = DPSE_GUI2;
			productReference = 5BD15B7E184BE96A007F25BD /* DPSE_GUI2.app */;
			productType = "com.apple.product-type.application";
		};
		5BD15BA6184BE96B007F25BD /* DPSE_GUI2Tests */ = {
			isa = PBXNativeTarget;
			buildConfigurationList = 5BD15BBC184BE96B007F25BD /* Build configuration list for PBXNativeTarget "DPSE_GUI2Tests" */;
			buildPhases = (
				5BD15BA3184BE96B007F25BD /* Sources */,
				5BD15BA4184BE96B007F25BD /* Frameworks */,
				5BD15BA5184BE96B007F25BD /* Resources */,
			);
			buildRules = (
			);
			dependencies = (
				5BD15BAE184BE96B007F25BD /* PBXTargetDependency */,
			);
			name = DPSE_GUI2Tests;
			productName = DPSE_GUI2Tests;
			productReference = 5BD15BA7184BE96B007F25BD /* DPSE_GUI2Tests.xctest */;
			productType = "com.apple.product-type.bundle.unit-test";
		};
/* End PBXNativeTarget section */

/* Begin PBXProject section */
		5BD15B76184BE96A007F25BD /* Project object */ = {
			isa = PBXProject;
			attributes = {
				CLASSPREFIX = DP;
				LastUpgradeCheck = 0500;
				ORGANIZATIONNAME = "Petro Korienev";
				TargetAttributes = {
					5BD15BA6184BE96B007F25BD = {
						TestTargetID = 5BD15B7D184BE96A007F25BD;
					};
				};
			};
			buildConfigurationList = 5BD15B79184BE96A007F25BD /* Build configuration list for PBXProject "Distributed parallel simulation environment graphical user interface" */;
			compatibilityVersion = "Xcode 3.2";
			developmentRegion = English;
			hasScannedForEncodings = 0;
			knownRegions = (
				en,
				Base,
			);
			mainGroup = 5BD15B75184BE96A007F25BD;
			productRefGroup = 5BD15B7F184BE96A007F25BD /* Products */;
			projectDirPath = "";
			projectRoot = "";
			targets = (
				5BD15B7D184BE96A007F25BD /* DPSE_GUI2 */,
				5BD15BA6184BE96B007F25BD /* DPSE_GUI2Tests */,
			);
		};
/* End PBXProject section */

/* Begin PBXResourcesBuildPhase section */
		5BD15B7C184BE96A007F25BD /* Resources */ = {
			isa = PBXResourcesBuildPhase;
			buildActionMask = 2147483647;
			files = (
				5BD15BA2184BE96B007F25BD /* Images.xcassets in Resources */,
				5BD15B8E184BE96B007F25BD /* InfoPlist.strings in Resources */,
				5BD15B97184BE96B007F25BD /* Main.storyboard in Resources */,
			);
			runOnlyForDeploymentPostprocessing = 0;
		};
		5BD15BA5184BE96B007F25BD /* Resources */ = {
			isa = PBXResourcesBuildPhase;
			buildActionMask = 2147483647;
			files = (
				5BD15BB4184BE96B007F25BD /* InfoPlist.strings in Resources */,
			);
			runOnlyForDeploymentPostprocessing = 0;
		};
/* End PBXResourcesBuildPhase section */

/* Begin PBXSourcesBuildPhase section */
		5BD15B7A184BE96A007F25BD /* Sources */ = {
			isa = PBXSourcesBuildPhase;
			buildActionMask = 2147483647;
			files = (
				5BE5F3991853C3600007A4A8 /* Event.m in Sources */,
				5B1C89C31854D0A200DB5CF1 /* DPLoadSplitViewController.m in Sources */,
				5BD15BE518533018007F25BD /* DPSE_GUI2.xcdatamodeld in Sources */,
				5B01E8121853FA25000ECD6C /* DPLoadMasterViewController.m in Sources */,
				5B1C89BD18546B8700DB5CF1 /* DPSettingsSplitViewController.m in Sources */,
				5BD15B94184BE96B007F25BD /* DPAppDelegate.m in Sources */,
				5BD15B90184BE96B007F25BD /* main.m in Sources */,
				5B1C89C91854E36300DB5CF1 /* NSLayoutConstraint+Setter.m in Sources */,
				5BD15BF418537BC1007F25BD /* Reachability.m in Sources */,
				5BE5F3A31853CE870007A4A8 /* DPDismissSegue.m in Sources */,
				5B429B7C1870D3B000307729 /* DPDrawObjectsScrollView.m in Sources */,
				5B68336D18539C2600CAD141 /* DPGradientButton.m in Sources */,
				5B01E80F1853FA25000ECD6C /* DPAboutViewController.m in Sources */,
				5B429B781870D27300307729 /* DPEditViewController.m in Sources */,
				5B1C89C018546D5C00DB5CF1 /* DPSettingsMasterViewController.m in Sources */,
				5B1C89C61854D1EF00DB5CF1 /* DPSettingsDetailViewController.m in Sources */,
				5B683366185389DC00CAD141 /* Graph.m in Sources */,
				5B01E8111853FA25000ECD6C /* DPMainMenuViewController.m in Sources */,
				5B01E8101853FA25000ECD6C /* DPLoadDetailViewController.m in Sources */,
				5BE5F3A01853C50D0007A4A8 /* DPPresentSegue.m in Sources */,
				5B68337118539DE400CAD141 /* UIColor+ApplicationColorScheme.m in Sources */,
				5BE5F39C1853C3610007A4A8 /* Simulation.m in Sources */,
				5BD15BE91853313E007F25BD /* DPSSHConnection.m in Sources */,
			);
			runOnlyForDeploymentPostprocessing = 0;
		};
		5BD15BA3184BE96B007F25BD /* Sources */ = {
			isa = PBXSourcesBuildPhase;
			buildActionMask = 2147483647;
			files = (
				5B1C89CA1854E6E900DB5CF1 /* NSLayoutConstraint+Setter.m in Sources */,
				5BD15BEA1853407E007F25BD /* DPSSHConnection.m in Sources */,
				5BD15BF11853785F007F25BD /* DPAppDelegate.m in Sources */,
				5BD15BF518537BC1007F25BD /* Reachability.m in Sources */,
				5BD15BEE18534107007F25BD /* DPConnectionTest.m in Sources */,
			);
			runOnlyForDeploymentPostprocessing = 0;
		};
/* End PBXSourcesBuildPhase section */

/* Begin PBXTargetDependency section */
		5BD15BAE184BE96B007F25BD /* PBXTargetDependency */ = {
			isa = PBXTargetDependency;
			target = 5BD15B7D184BE96A007F25BD /* DPSE_GUI2 */;
			targetProxy = 5BD15BAD184BE96B007F25BD /* PBXContainerItemProxy */;
		};
/* End PBXTargetDependency section */

/* Begin PBXVariantGroup section */
		5BD15B8C184BE96B007F25BD /* InfoPlist.strings */ = {
			isa = PBXVariantGroup;
			children = (
				5BD15B8D184BE96B007F25BD /* en */,
			);
			name = InfoPlist.strings;
			sourceTree = "<group>";
		};
		5BD15B95184BE96B007F25BD /* Main.storyboard */ = {
			isa = PBXVariantGroup;
			children = (
				5BD15B96184BE96B007F25BD /* Base */,
			);
			name = Main.storyboard;
			sourceTree = "<group>";
		};
		5BD15BB2184BE96B007F25BD /* InfoPlist.strings */ = {
			isa = PBXVariantGroup;
			children = (
				5BD15BB3184BE96B007F25BD /* en */,
			);
			name = InfoPlist.strings;
			sourceTree = "<group>";
		};
/* End PBXVariantGroup section */

/* Begin XCBuildConfiguration section */
		5BD15BB7184BE96B007F25BD /* Debug */ = {
			isa = XCBuildConfiguration;
			buildSettings = {
				ALWAYS_SEARCH_USER_PATHS = NO;
				ARCHS = "$(ARCHS_STANDARD_INCLUDING_64_BIT)";
				CLANG_CXX_LANGUAGE_STANDARD = "gnu++0x";
				CLANG_CXX_LIBRARY = "libc++";
				CLANG_ENABLE_MODULES = YES;
				CLANG_ENABLE_OBJC_ARC = YES;
				CLANG_WARN_BOOL_CONVERSION = YES;
				CLANG_WARN_CONSTANT_CONVERSION = YES;
				CLANG_WARN_DIRECT_OBJC_ISA_USAGE = YES_ERROR;
				CLANG_WARN_EMPTY_BODY = YES;
				CLANG_WARN_ENUM_CONVERSION = YES;
				CLANG_WARN_INT_CONVERSION = YES;
				CLANG_WARN_OBJC_ROOT_CLASS = YES_ERROR;
				CLANG_WARN__DUPLICATE_METHOD_MATCH = YES;
				"CODE_SIGN_IDENTITY[sdk=iphoneos*]" = "iPhone Developer";
				COPY_PHASE_STRIP = NO;
				GCC_C_LANGUAGE_STANDARD = gnu99;
				GCC_DYNAMIC_NO_PIC = NO;
				GCC_OPTIMIZATION_LEVEL = 0;
				GCC_PREPROCESSOR_DEFINITIONS = (
					"DEBUG=1",
					"$(inherited)",
				);
				GCC_SYMBOLS_PRIVATE_EXTERN = NO;
				GCC_WARN_64_TO_32_BIT_CONVERSION = YES;
				GCC_WARN_ABOUT_RETURN_TYPE = YES_ERROR;
				GCC_WARN_UNDECLARED_SELECTOR = YES;
				GCC_WARN_UNINITIALIZED_AUTOS = YES;
				GCC_WARN_UNUSED_FUNCTION = YES;
				GCC_WARN_UNUSED_VARIABLE = YES;
				IPHONEOS_DEPLOYMENT_TARGET = 7.0;
				ONLY_ACTIVE_ARCH = YES;
				SDKROOT = iphoneos;
				TARGETED_DEVICE_FAMILY = 2;
			};
			name = Debug;
		};
		5BD15BB8184BE96B007F25BD /* Release */ = {
			isa = XCBuildConfiguration;
			buildSettings = {
				ALWAYS_SEARCH_USER_PATHS = NO;
				ARCHS = "$(ARCHS_STANDARD_INCLUDING_64_BIT)";
				CLANG_CXX_LANGUAGE_STANDARD = "gnu++0x";
				CLANG_CXX_LIBRARY = "libc++";
				CLANG_ENABLE_MODULES = YES;
				CLANG_ENABLE_OBJC_ARC = YES;
				CLANG_WARN_BOOL_CONVERSION = YES;
				CLANG_WARN_CONSTANT_CONVERSION = YES;
				CLANG_WARN_DIRECT_OBJC_ISA_USAGE = YES_ERROR;
				CLANG_WARN_EMPTY_BODY = YES;
				CLANG_WARN_ENUM_CONVERSION = YES;
				CLANG_WARN_INT_CONVERSION = YES;
				CLANG_WARN_OBJC_ROOT_CLASS = YES_ERROR;
				CLANG_WARN__DUPLICATE_METHOD_MATCH = YES;
				"CODE_SIGN_IDENTITY[sdk=iphoneos*]" = "iPhone Developer";
				COPY_PHASE_STRIP = YES;
				ENABLE_NS_ASSERTIONS = NO;
				GCC_C_LANGUAGE_STANDARD = gnu99;
				GCC_WARN_64_TO_32_BIT_CONVERSION = YES;
				GCC_WARN_ABOUT_RETURN_TYPE = YES_ERROR;
				GCC_WARN_UNDECLARED_SELECTOR = YES;
				GCC_WARN_UNINITIALIZED_AUTOS = YES;
				GCC_WARN_UNUSED_FUNCTION = YES;
				GCC_WARN_UNUSED_VARIABLE = YES;
				IPHONEOS_DEPLOYMENT_TARGET = 7.0;
				SDKROOT = iphoneos;
				TARGETED_DEVICE_FAMILY = 2;
				VALIDATE_PRODUCT = YES;
			};
			name = Release;
		};
		5BD15BBA184BE96B007F25BD /* Debug */ = {
			isa = XCBuildConfiguration;
			buildSettings = {
				ASSETCATALOG_COMPILER_APPICON_NAME = AppIcon;
				ASSETCATALOG_COMPILER_LAUNCHIMAGE_NAME = LaunchImage;
				FRAMEWORK_SEARCH_PATHS = (
					"$(inherited)",
					/Users/petrokorienev/Documents/projects/DPSE_GUI2,
				);
				GCC_PRECOMPILE_PREFIX_HEADER = YES;
				GCC_PREFIX_HEADER = "DPSE_GUI2/DPSE_GUI2-Prefix.pch";
				INFOPLIST_FILE = "DPSE_GUI2/DPSE_GUI2-Info.plist";
				LIBRARY_SEARCH_PATHS = (
					"$(inherited)",
					/Users/petrokorienev/Documents/projects/DPSE_GUI2/NMSSH/libssh2,
				);
				PRODUCT_NAME = "$(TARGET_NAME)";
				WRAPPER_EXTENSION = app;
			};
			name = Debug;
		};
		5BD15BBB184BE96B007F25BD /* Release */ = {
			isa = XCBuildConfiguration;
			buildSettings = {
				ASSETCATALOG_COMPILER_APPICON_NAME = AppIcon;
				ASSETCATALOG_COMPILER_LAUNCHIMAGE_NAME = LaunchImage;
				FRAMEWORK_SEARCH_PATHS = (
					"$(inherited)",
					/Users/petrokorienev/Documents/projects/DPSE_GUI2,
				);
				GCC_PRECOMPILE_PREFIX_HEADER = YES;
				GCC_PREFIX_HEADER = "DPSE_GUI2/DPSE_GUI2-Prefix.pch";
				INFOPLIST_FILE = "DPSE_GUI2/DPSE_GUI2-Info.plist";
				LIBRARY_SEARCH_PATHS = (
					"$(inherited)",
					/Users/petrokorienev/Documents/projects/DPSE_GUI2/NMSSH/libssh2,
				);
				PRODUCT_NAME = "$(TARGET_NAME)";
				WRAPPER_EXTENSION = app;
			};
			name = Release;
		};
		5BD15BBD184BE96B007F25BD /* Debug */ = {
			isa = XCBuildConfiguration;
			buildSettings = {
				ARCHS = "$(ARCHS_STANDARD_INCLUDING_64_BIT)";
				BUNDLE_LOADER = "$(BUILT_PRODUCTS_DIR)/DPSE_GUI2.app/DPSE_GUI2";
				FRAMEWORK_SEARCH_PATHS = (
					"$(SDKROOT)/Developer/Library/Frameworks",
					"$(inherited)",
					"$(DEVELOPER_FRAMEWORKS_DIR)",
					/Users/petrokorienev/Documents/projects/DPSE_GUI2,
				);
				GCC_PRECOMPILE_PREFIX_HEADER = YES;
				GCC_PREFIX_HEADER = "DPSE_GUI2/DPSE_GUI2-Prefix.pch";
				GCC_PREPROCESSOR_DEFINITIONS = (
					"DEBUG=1",
					"$(inherited)",
				);
				INFOPLIST_FILE = "DPSE_GUI2Tests/DPSE_GUI2Tests-Info.plist";
				PRODUCT_NAME = "$(TARGET_NAME)";
				TEST_HOST = "$(BUNDLE_LOADER)";
				WRAPPER_EXTENSION = xctest;
			};
			name = Debug;
		};
		5BD15BBE184BE96B007F25BD /* Release */ = {
			isa = XCBuildConfiguration;
			buildSettings = {
				ARCHS = "$(ARCHS_STANDARD_INCLUDING_64_BIT)";
				BUNDLE_LOADER = "$(BUILT_PRODUCTS_DIR)/DPSE_GUI2.app/DPSE_GUI2";
				FRAMEWORK_SEARCH_PATHS = (
					"$(SDKROOT)/Developer/Library/Frameworks",
					"$(inherited)",
					"$(DEVELOPER_FRAMEWORKS_DIR)",
					/Users/petrokorienev/Documents/projects/DPSE_GUI2,
				);
				GCC_PRECOMPILE_PREFIX_HEADER = YES;
				GCC_PREFIX_HEADER = "DPSE_GUI2/DPSE_GUI2-Prefix.pch";
				INFOPLIST_FILE = "DPSE_GUI2Tests/DPSE_GUI2Tests-Info.plist";
				PRODUCT_NAME = "$(TARGET_NAME)";
				TEST_HOST = "$(BUNDLE_LOADER)";
				WRAPPER_EXTENSION = xctest;
			};
			name = Release;
		};
/* End XCBuildConfiguration section */

/* Begin XCConfigurationList section */
		5BD15B79184BE96A007F25BD /* Build configuration list for PBXProject "Distributed parallel simulation environment graphical user interface" */ = {
			isa = XCConfigurationList;
			buildConfigurations = (
				5BD15BB7184BE96B007F25BD /* Debug */,
				5BD15BB8184BE96B007F25BD /* Release */,
			);
			defaultConfigurationIsVisible = 0;
			defaultConfigurationName = Release;
		};
		5BD15BB9184BE96B007F25BD /* Build configuration list for PBXNativeTarget "DPSE_GUI2" */ = {
			isa = XCConfigurationList;
			buildConfigurations = (
				5BD15BBA184BE96B007F25BD /* Debug */,
				5BD15BBB184BE96B007F25BD /* Release */,
			);
			defaultConfigurationIsVisible = 0;
			defaultConfigurationName = Release;
		};
		5BD15BBC184BE96B007F25BD /* Build configuration list for PBXNativeTarget "DPSE_GUI2Tests" */ = {
			isa = XCConfigurationList;
			buildConfigurations = (
				5BD15BBD184BE96B007F25BD /* Debug */,
				5BD15BBE184BE96B007F25BD /* Release */,
			);
			defaultConfigurationIsVisible = 0;
			defaultConfigurationName = Release;
		};
/* End XCConfigurationList section */

/* Begin XCVersionGroup section */
		5BD15BE318533018007F25BD /* DPSE_GUI2.xcdatamodeld */ = {
			isa = XCVersionGroup;
			children = (
				5BD15BE418533018007F25BD /* DPSE_GUI2.xcdatamodel */,
			);
			currentVersion = 5BD15BE418533018007F25BD /* DPSE_GUI2.xcdatamodel */;
			path = DPSE_GUI2.xcdatamodeld;
			sourceTree = "<group>";
			versionGroupType = wrapper.xcdatamodel;
		};
/* End XCVersionGroup section */
	};
	rootObject = 5BD15B76184BE96A007F25BD /* Project object */;
}
